
Microsoft Visual Studio Solution File, Format Version 12.00
# Visual Studio Version 17
VisualStudioVersion = 17.0.31912.275
MinimumVisualStudioVersion = 10.0.40219.1
Project("{9A19103F-16F7-4668-BE54-9A1E7A4F7556}") = "TrIDCore", "TrIDCore\TrIDCore.csproj", "{CA81B92F-E383-4DB4-9069-D5D44A3ADBD1}"
EndProject
Project("{9A19103F-16F7-4668-BE54-9A1E7A4F7556}") = "TrIDCore.Demo", "TrIDCore.Demo\TrIDCore.Demo.csproj", "{0EE1FBDD-DE14-48E2-9EA1-2A104D7DE015}"
EndProject
Global
	GlobalSection(SolutionConfigurationPlatforms) = preSolution
		Debug|Any CPU = Debug|Any CPU
		Release|Any CPU = Release|Any CPU
	EndGlobalSection
	GlobalSection(ProjectConfigurationPlatforms) = postSolution
		{CA81B92F-E383-4DB4-9069-D5D44A3ADBD1}.Debug|Any CPU.ActiveCfg = Debug|Any CPU
		{CA81B92F-E383-4DB4-9069-D5D44A3ADBD1}.Debug|Any CPU.Build.0 = Debug|Any CPU
		{CA81B92F-E383-4DB4-9069-D5D44A3ADBD1}.Release|Any CPU.ActiveCfg = Release|Any CPU
		{CA81B92F-E383-4DB4-9069-D5D44A3ADBD1}.Release|Any CPU.Build.0 = Release|Any CPU
		{0EE1FBDD-DE14-48E2-9EA1-2A104D7DE015}.Debug|Any CPU.ActiveCfg = Debug|Any CPU
		{0EE1FBDD-DE14-48E2-9EA1-2A104D7DE015}.Debug|Any CPU.Build.0 = Debug|Any CPU
		{0EE1FBDD-DE14-48E2-9EA1-2A104D7DE015}.Release|Any CPU.ActiveCfg = Release|Any CPU
		{0EE1FBDD-DE14-48E2-9EA1-2A104D7DE015}.Release|Any CPU.Build.0 = Release|Any CPU
	EndGlobalSection
	GlobalSection(SolutionProperties) = preSolution
		HideSolutionNode = FALSE
	EndGlobalSection
	GlobalSection(ExtensibilityGlobals) = postSolution
		SolutionGuid = {79571279-8535-4369-A92B-4F3B78530907}
	EndGlobalSection
EndGlobal
